
Microsoft Visual Studio Solution File, Format Version 12.00
# Visual Studio 14
VisualStudioVersion = 14.0.25420.1
MinimumVisualStudioVersion = 10.0.40219.1
Project("{FAE04EC0-301F-11D3-BF4B-00C04F79EFBC}") = "NServiceBus.Model", "NServiceBus.Model\NServiceBus.Model.csproj", "{B55B1252-FF68-463D-B166-1EADF2BD5EB8}"
EndProject
Project("{FAE04EC0-301F-11D3-BF4B-00C04F79EFBC}") = "Neo4jImporter", "Neo4jImporter\Neo4jImporter.csproj", "{1A6407A8-6DC8-4755-AC02-18FEE2FCF124}"
EndProject
Project("{FAE04EC0-301F-11D3-BF4B-00C04F79EFBC}") = "ModelBuilder", "ModelBuilder\ModelBuilder.csproj", "{2DDFA061-0C07-4459-B681-148E333DDB93}"
EndProject
Project("{FAE04EC0-301F-11D3-BF4B-00C04F79EFBC}") = "RavenDBExporter", "RavenDBExporter\RavenDBExporter.csproj", "{F382784F-464A-405B-BB1E-73CEDC3D4AA9}"
EndProject
Project("{FAE04EC0-301F-11D3-BF4B-00C04F79EFBC}") = "NServiceBusAuditToNeo4J.App", "NServiceBusAuditToNeo4J.App\NServiceBusAuditToNeo4J.App.csproj", "{4E77F62A-EC67-4852-A67D-5684B1198C24}"
EndProject
Project("{FAE04EC0-301F-11D3-BF4B-00C04F79EFBC}") = "Importer", "Importer\Importer.csproj", "{B7ADC0A0-9667-4DD4-A212-DC8472996E1A}"
EndProject
Project("{FAE04EC0-301F-11D3-BF4B-00C04F79EFBC}") = "Exporter", "Exporter\Exporter.csproj", "{D8CA717C-3450-4294-BC7B-215894641F24}"
EndProject
Project("{2150E333-8FDC-42A3-9474-1A3956D46DE8}") = "Domain", "Domain", "{A1A864DA-F952-4B2D-8F46-DB3EBDD27C84}"
EndProject
Project("{2150E333-8FDC-42A3-9474-1A3956D46DE8}") = "Infrastructure", "Infrastructure", "{6A9F415C-2634-4A5E-9947-A9F61463F19B}"
EndProject
Global
	GlobalSection(SolutionConfigurationPlatforms) = preSolution
		Debug|Any CPU = Debug|Any CPU
		Release|Any CPU = Release|Any CPU
	EndGlobalSection
	GlobalSection(ProjectConfigurationPlatforms) = postSolution
		{BA83ED66-8E4C-410F-8674-41E40B48AEBA}.Debug|Any CPU.ActiveCfg = Debug|Any CPU
		{BA83ED66-8E4C-410F-8674-41E40B48AEBA}.Debug|Any CPU.Build.0 = Debug|Any CPU
		{BA83ED66-8E4C-410F-8674-41E40B48AEBA}.Release|Any CPU.ActiveCfg = Release|Any CPU
		{BA83ED66-8E4C-410F-8674-41E40B48AEBA}.Release|Any CPU.Build.0 = Release|Any CPU
		{B55B1252-FF68-463D-B166-1EADF2BD5EB8}.Debug|Any CPU.ActiveCfg = Debug|Any CPU
		{B55B1252-FF68-463D-B166-1EADF2BD5EB8}.Debug|Any CPU.Build.0 = Debug|Any CPU
		{B55B1252-FF68-463D-B166-1EADF2BD5EB8}.Release|Any CPU.ActiveCfg = Release|Any CPU
		{B55B1252-FF68-463D-B166-1EADF2BD5EB8}.Release|Any CPU.Build.0 = Release|Any CPU
		{1A6407A8-6DC8-4755-AC02-18FEE2FCF124}.Debug|Any CPU.ActiveCfg = Debug|Any CPU
		{1A6407A8-6DC8-4755-AC02-18FEE2FCF124}.Debug|Any CPU.Build.0 = Debug|Any CPU
		{1A6407A8-6DC8-4755-AC02-18FEE2FCF124}.Release|Any CPU.ActiveCfg = Release|Any CPU
		{1A6407A8-6DC8-4755-AC02-18FEE2FCF124}.Release|Any CPU.Build.0 = Release|Any CPU
		{2DDFA061-0C07-4459-B681-148E333DDB93}.Debug|Any CPU.ActiveCfg = Debug|Any CPU
		{2DDFA061-0C07-4459-B681-148E333DDB93}.Debug|Any CPU.Build.0 = Debug|Any CPU
		{2DDFA061-0C07-4459-B681-148E333DDB93}.Release|Any CPU.ActiveCfg = Release|Any CPU
		{2DDFA061-0C07-4459-B681-148E333DDB93}.Release|Any CPU.Build.0 = Release|Any CPU
		{F382784F-464A-405B-BB1E-73CEDC3D4AA9}.Debug|Any CPU.ActiveCfg = Debug|Any CPU
		{F382784F-464A-405B-BB1E-73CEDC3D4AA9}.Debug|Any CPU.Build.0 = Debug|Any CPU
		{F382784F-464A-405B-BB1E-73CEDC3D4AA9}.Release|Any CPU.ActiveCfg = Release|Any CPU
		{F382784F-464A-405B-BB1E-73CEDC3D4AA9}.Release|Any CPU.Build.0 = Release|Any CPU
		{4E77F62A-EC67-4852-A67D-5684B1198C24}.Debug|Any CPU.ActiveCfg = Debug|Any CPU
		{4E77F62A-EC67-4852-A67D-5684B1198C24}.Debug|Any CPU.Build.0 = Debug|Any CPU
		{4E77F62A-EC67-4852-A67D-5684B1198C24}.Release|Any CPU.ActiveCfg = Release|Any CPU
		{4E77F62A-EC67-4852-A67D-5684B1198C24}.Release|Any CPU.Build.0 = Release|Any CPU
		{B7ADC0A0-9667-4DD4-A212-DC8472996E1A}.Debug|Any CPU.ActiveCfg = Debug|Any CPU
		{B7ADC0A0-9667-4DD4-A212-DC8472996E1A}.Debug|Any CPU.Build.0 = Debug|Any CPU
		{B7ADC0A0-9667-4DD4-A212-DC8472996E1A}.Release|Any CPU.ActiveCfg = Release|Any CPU
		{B7ADC0A0-9667-4DD4-A212-DC8472996E1A}.Release|Any CPU.Build.0 = Release|Any CPU
		{D8CA717C-3450-4294-BC7B-215894641F24}.Debug|Any CPU.ActiveCfg = Debug|Any CPU
		{D8CA717C-3450-4294-BC7B-215894641F24}.Debug|Any CPU.Build.0 = Debug|Any CPU
		{D8CA717C-3450-4294-BC7B-215894641F24}.Release|Any CPU.ActiveCfg = Release|Any CPU
		{D8CA717C-3450-4294-BC7B-215894641F24}.Release|Any CPU.Build.0 = Release|Any CPU
	EndGlobalSection
	GlobalSection(SolutionProperties) = preSolution
		HideSolutionNode = FALSE
	EndGlobalSection
	GlobalSection(NestedProjects) = preSolution
		{BA83ED66-8E4C-410F-8674-41E40B48AEBA} = {6A9F415C-2634-4A5E-9947-A9F61463F19B}
		{B55B1252-FF68-463D-B166-1EADF2BD5EB8} = {A1A864DA-F952-4B2D-8F46-DB3EBDD27C84}
		{1A6407A8-6DC8-4755-AC02-18FEE2FCF124} = {6A9F415C-2634-4A5E-9947-A9F61463F19B}
		{2DDFA061-0C07-4459-B681-148E333DDB93} = {A1A864DA-F952-4B2D-8F46-DB3EBDD27C84}
		{F382784F-464A-405B-BB1E-73CEDC3D4AA9} = {6A9F415C-2634-4A5E-9947-A9F61463F19B}
		{B7ADC0A0-9667-4DD4-A212-DC8472996E1A} = {A1A864DA-F952-4B2D-8F46-DB3EBDD27C84}
		{D8CA717C-3450-4294-BC7B-215894641F24} = {A1A864DA-F952-4B2D-8F46-DB3EBDD27C84}
	EndGlobalSection
EndGlobal
